
Microsoft Visual Studio Solution File, Format Version 12.00
# Visual Studio Version 16
VisualStudioVersion = 16.0.32630.194
MinimumVisualStudioVersion = 10.0.40219.1
Project("{FAE04EC0-301F-11D3-BF4B-00C04F79EFBC}") = "Calculator", "Calculator\Calculator.csproj", "{6709002C-ED43-4CE3-BFEE-0BEB1493E3F1}"
EndProject
Global
	GlobalSection(SolutionConfigurationPlatforms) = preSolution
		Debug|Any CPU = Debug|Any CPU
		Release|Any CPU = Release|Any CPU
		unoptimized debug|Any CPU = unoptimized debug|Any CPU
	EndGlobalSection
	GlobalSection(ProjectConfigurationPlatforms) = postSolution
		{6709002C-ED43-4CE3-BFEE-0BEB1493E3F1}.Debug|Any CPU.ActiveCfg = Debug|Any CPU
		{6709002C-ED43-4CE3-BFEE-0BEB1493E3F1}.Debug|Any CPU.Build.0 = Debug|Any CPU
		{6709002C-ED43-4CE3-BFEE-0BEB1493E3F1}.Release|Any CPU.ActiveCfg = Release|Any CPU
		{6709002C-ED43-4CE3-BFEE-0BEB1493E3F1}.Release|Any CPU.Build.0 = Release|Any CPU
		{6709002C-ED43-4CE3-BFEE-0BEB1493E3F1}.unoptimized debug|Any CPU.ActiveCfg = unoptimized debug|Any CPU
		{6709002C-ED43-4CE3-BFEE-0BEB1493E3F1}.unoptimized debug|Any CPU.Build.0 = unoptimized debug|Any CPU
	EndGlobalSection
	GlobalSection(SolutionProperties) = preSolution
		HideSolutionNode = FALSE
	EndGlobalSection
	GlobalSection(ExtensibilityGlobals) = postSolution
		SolutionGuid = {E14F877F-8872-44EB-8B0A-551E901B4B48}
	EndGlobalSection
EndGlobal
